// !$*UTF8*$!
{
	archiveVersion = 1;
	classes = {
	};
	objectVersion = 50;
	objects = {

/* Begin PBXBuildFile section */
		6159574E20BEDB9900B8FDB8 /* AppDelegate.swift in Sources */ = {isa = PBXBuildFile; fileRef = 6159574D20BEDB9900B8FDB8 /* AppDelegate.swift */; };
		6159575020BEDB9900B8FDB8 /* ViewController.swift in Sources */ = {isa = PBXBuildFile; fileRef = 6159574F20BEDB9900B8FDB8 /* ViewController.swift */; };
		6159575320BEDB9900B8FDB8 /* Main.storyboard in Resources */ = {isa = PBXBuildFile; fileRef = 6159575120BEDB9900B8FDB8 /* Main.storyboard */; };
		6159575520BEDB9A00B8FDB8 /* Assets.xcassets in Resources */ = {isa = PBXBuildFile; fileRef = 6159575420BEDB9A00B8FDB8 /* Assets.xcassets */; };
		6159575820BEDB9A00B8FDB8 /* LaunchScreen.storyboard in Resources */ = {isa = PBXBuildFile; fileRef = 6159575620BEDB9A00B8FDB8 /* LaunchScreen.storyboard */; };
		6159576320BEDB9B00B8FDB8 /* TestSwipeBackOnRootViewControllerTests.swift in Sources */ = {isa = PBXBuildFile; fileRef = 6159576220BEDB9B00B8FDB8 /* TestSwipeBackOnRootViewControllerTests.swift */; };
		6159576E20BEDB9B00B8FDB8 /* TestSwipeBackOnRootViewControllerUITests.swift in Sources */ = {isa = PBXBuildFile; fileRef = 6159576D20BEDB9B00B8FDB8 /* TestSwipeBackOnRootViewControllerUITests.swift */; };
		6159577E20BEDDDD00B8FDB8 /* SimpleTableViewCell.swift in Sources */ = {isa = PBXBuildFile; fileRef = 6159577C20BEDDDD00B8FDB8 /* SimpleTableViewCell.swift */; };
		6159577F20BEDDDD00B8FDB8 /* SimpleTableViewCell.xib in Resources */ = {isa = PBXBuildFile; fileRef = 6159577D20BEDDDD00B8FDB8 /* SimpleTableViewCell.xib */; };
		6159578120BEDF7A00B8FDB8 /* BaseNavigationViewController.swift in Sources */ = {isa = PBXBuildFile; fileRef = 6159578020BEDF7A00B8FDB8 /* BaseNavigationViewController.swift */; };
/* End PBXBuildFile section */

/* Begin PBXContainerItemProxy section */
		6159575F20BEDB9B00B8FDB8 /* PBXContainerItemProxy */ = {
			isa = PBXContainerItemProxy;
			containerPortal = 6159574220BEDB9900B8FDB8 /* Project object */;
			proxyType = 1;
			remoteGlobalIDString = 6159574920BEDB9900B8FDB8;
			remoteInfo = TestSwipeBackOnRootViewController;
		};
		6159576A20BEDB9B00B8FDB8 /* PBXContainerItemProxy */ = {
			isa = PBXContainerItemProxy;
			containerPortal = 6159574220BEDB9900B8FDB8 /* Project object */;
			proxyType = 1;
			remoteGlobalIDString = 6159574920BEDB9900B8FDB8;
			remoteInfo = TestSwipeBackOnRootViewController;
		};
/* End PBXContainerItemProxy section */

/* Begin PBXFileReference section */
		6159574A20BEDB9900B8FDB8 /* TestSwipeBackOnRootViewController.app */ = {isa = PBXFileReference; explicitFileType = wrapper.application; includeInIndex = 0; path = TestSwipeBackOnRootViewController.app; sourceTree = BUILT_PRODUCTS_DIR; };
		6159574D20BEDB9900B8FDB8 /* AppDelegate.swift */ = {isa = PBXFileReference; lastKnownFileType = sourcecode.swift; path = AppDelegate.swift; sourceTree = "<group>"; };
		6159574F20BEDB9900B8FDB8 /* ViewController.swift */ = {isa = PBXFileReference; lastKnownFileType = sourcecode.swift; path = ViewController.swift; sourceTree = "<group>"; };
		6159575220BEDB9900B8FDB8 /* Base */ = {isa = PBXFileReference; lastKnownFileType = file.storyboard; name = Base; path = Base.lproj/Main.storyboard; sourceTree = "<group>"; };
		6159575420BEDB9A00B8FDB8 /* Assets.xcassets */ = {isa = PBXFileReference; lastKnownFileType = folder.assetcatalog; path = Assets.xcassets; sourceTree = "<group>"; };
		6159575720BEDB9A00B8FDB8 /* Base */ = {isa = PBXFileReference; lastKnownFileType = file.storyboard; name = Base; path = Base.lproj/LaunchScreen.storyboard; sourceTree = "<group>"; };
		6159575920BEDB9A00B8FDB8 /* Info.plist */ = {isa = PBXFileReference; lastKnownFileType = text.plist.xml; path = Info.plist; sourceTree = "<group>"; };
		6159575E20BEDB9B00B8FDB8 /* TestSwipeBackOnRootViewControllerTests.xctest */ = {isa = PBXFileReference; explicitFileType = wrapper.cfbundle; includeInIndex = 0; path = TestSwipeBackOnRootViewControllerTests.xctest; sourceTree = BUILT_PRODUCTS_DIR; };
		6159576220BEDB9B00B8FDB8 /* TestSwipeBackOnRootViewControllerTests.swift */ = {isa = PBXFileReference; lastKnownFileType = sourcecode.swift; path = TestSwipeBackOnRootViewControllerTests.swift; sourceTree = "<group>"; };
		6159576420BEDB9B00B8FDB8 /* Info.plist */ = {isa = PBXFileReference; lastKnownFileType = text.plist.xml; path = Info.plist; sourceTree = "<group>"; };
		6159576920BEDB9B00B8FDB8 /* TestSwipeBackOnRootViewControllerUITests.xctest */ = {isa = PBXFileReference; explicitFileType = wrapper.cfbundle; includeInIndex = 0; path = TestSwipeBackOnRootViewControllerUITests.xctest; sourceTree = BUILT_PRODUCTS_DIR; };
		6159576D20BEDB9B00B8FDB8 /* TestSwipeBackOnRootViewControllerUITests.swift */ = {isa = PBXFileReference; lastKnownFileType = sourcecode.swift; path = TestSwipeBackOnRootViewControllerUITests.swift; sourceTree = "<group>"; };
		6159576F20BEDB9B00B8FDB8 /* Info.plist */ = {isa = PBXFileReference; lastKnownFileType = text.plist.xml; path = Info.plist; sourceTree = "<group>"; };
		6159577C20BEDDDD00B8FDB8 /* SimpleTableViewCell.swift */ = {isa = PBXFileReference; lastKnownFileType = sourcecode.swift; path = SimpleTableViewCell.swift; sourceTree = "<group>"; };
		6159577D20BEDDDD00B8FDB8 /* SimpleTableViewCell.xib */ = {isa = PBXFileReference; lastKnownFileType = file.xib; path = SimpleTableViewCell.xib; sourceTree = "<group>"; };
		6159578020BEDF7A00B8FDB8 /* BaseNavigationViewController.swift */ = {isa = PBXFileReference; lastKnownFileType = sourcecode.swift; path = BaseNavigationViewController.swift; sourceTree = "<group>"; };
/* End PBXFileReference section */

/* Begin PBXFrameworksBuildPhase section */
		6159574720BEDB9900B8FDB8 /* Frameworks */ = {
			isa = PBXFrameworksBuildPhase;
			buildActionMask = 2147483647;
			files = (
			);
			runOnlyForDeploymentPostprocessing = 0;
		};
		6159575B20BEDB9B00B8FDB8 /* Frameworks */ = {
			isa = PBXFrameworksBuildPhase;
			buildActionMask = 2147483647;
			files = (
			);
			runOnlyForDeploymentPostprocessing = 0;
		};
		6159576620BEDB9B00B8FDB8 /* Frameworks */ = {
			isa = PBXFrameworksBuildPhase;
			buildActionMask = 2147483647;
			files = (
			);
			runOnlyForDeploymentPostprocessing = 0;
		};
/* End PBXFrameworksBuildPhase section */

/* Begin PBXGroup section */
		6159574120BEDB9900B8FDB8 = {
			isa = PBXGroup;
			children = (
				6159574C20BEDB9900B8FDB8 /* TestSwipeBackOnRootViewController */,
				6159576120BEDB9B00B8FDB8 /* TestSwipeBackOnRootViewControllerTests */,
				6159576C20BEDB9B00B8FDB8 /* TestSwipeBackOnRootViewControllerUITests */,
				6159574B20BEDB9900B8FDB8 /* Products */,
			);
			sourceTree = "<group>";
		};
		6159574B20BEDB9900B8FDB8 /* Products */ = {
			isa = PBXGroup;
			children = (
				6159574A20BEDB9900B8FDB8 /* TestSwipeBackOnRootViewController.app */,
				6159575E20BEDB9B00B8FDB8 /* TestSwipeBackOnRootViewControllerTests.xctest */,
				6159576920BEDB9B00B8FDB8 /* TestSwipeBackOnRootViewControllerUITests.xctest */,
			);
			name = Products;
			sourceTree = "<group>";
		};
		6159574C20BEDB9900B8FDB8 /* TestSwipeBackOnRootViewController */ = {
			isa = PBXGroup;
			children = (
				6159577B20BEDDCC00B8FDB8 /* TableViewCell */,
				6159574D20BEDB9900B8FDB8 /* AppDelegate.swift */,
				6159574F20BEDB9900B8FDB8 /* ViewController.swift */,
				6159575120BEDB9900B8FDB8 /* Main.storyboard */,
				6159575420BEDB9A00B8FDB8 /* Assets.xcassets */,
				6159575620BEDB9A00B8FDB8 /* LaunchScreen.storyboard */,
				6159575920BEDB9A00B8FDB8 /* Info.plist */,
				6159578020BEDF7A00B8FDB8 /* BaseNavigationViewController.swift */,
			);
			path = TestSwipeBackOnRootViewController;
			sourceTree = "<group>";
		};
		6159576120BEDB9B00B8FDB8 /* TestSwipeBackOnRootViewControllerTests */ = {
			isa = PBXGroup;
			children = (
				6159576220BEDB9B00B8FDB8 /* TestSwipeBackOnRootViewControllerTests.swift */,
				6159576420BEDB9B00B8FDB8 /* Info.plist */,
			);
			path = TestSwipeBackOnRootViewControllerTests;
			sourceTree = "<group>";
		};
		6159576C20BEDB9B00B8FDB8 /* TestSwipeBackOnRootViewControllerUITests */ = {
			isa = PBXGroup;
			children = (
				6159576D20BEDB9B00B8FDB8 /* TestSwipeBackOnRootViewControllerUITests.swift */,
				6159576F20BEDB9B00B8FDB8 /* Info.plist */,
			);
			path = TestSwipeBackOnRootViewControllerUITests;
			sourceTree = "<group>";
		};
		6159577B20BEDDCC00B8FDB8 /* TableViewCell */ = {
			isa = PBXGroup;
			children = (
				6159577C20BEDDDD00B8FDB8 /* SimpleTableViewCell.swift */,
				6159577D20BEDDDD00B8FDB8 /* SimpleTableViewCell.xib */,
			);
			path = TableViewCell;
			sourceTree = "<group>";
		};
/* End PBXGroup section */

/* Begin PBXNativeTarget section */
		6159574920BEDB9900B8FDB8 /* TestSwipeBackOnRootViewController */ = {
			isa = PBXNativeTarget;
			buildConfigurationList = 6159577220BEDB9B00B8FDB8 /* Build configuration list for PBXNativeTarget "TestSwipeBackOnRootViewController" */;
			buildPhases = (
				6159574620BEDB9900B8FDB8 /* Sources */,
				6159574720BEDB9900B8FDB8 /* Frameworks */,
				6159574820BEDB9900B8FDB8 /* Resources */,
			);
			buildRules = (
			);
			dependencies = (
			);
			name = TestSwipeBackOnRootViewController;
			productName = TestSwipeBackOnRootViewController;
			productReference = 6159574A20BEDB9900B8FDB8 /* TestSwipeBackOnRootViewController.app */;
			productType = "com.apple.product-type.application";
		};
		6159575D20BEDB9B00B8FDB8 /* TestSwipeBackOnRootViewControllerTests */ = {
			isa = PBXNativeTarget;
			buildConfigurationList = 6159577520BEDB9B00B8FDB8 /* Build configuration list for PBXNativeTarget "TestSwipeBackOnRootViewControllerTests" */;
			buildPhases = (
				6159575A20BEDB9B00B8FDB8 /* Sources */,
				6159575B20BEDB9B00B8FDB8 /* Frameworks */,
				6159575C20BEDB9B00B8FDB8 /* Resources */,
			);
			buildRules = (
			);
			dependencies = (
				6159576020BEDB9B00B8FDB8 /* PBXTargetDependency */,
			);
			name = TestSwipeBackOnRootViewControllerTests;
			productName = TestSwipeBackOnRootViewControllerTests;
			productReference = 6159575E20BEDB9B00B8FDB8 /* TestSwipeBackOnRootViewControllerTests.xctest */;
			productType = "com.apple.product-type.bundle.unit-test";
		};
		6159576820BEDB9B00B8FDB8 /* TestSwipeBackOnRootViewControllerUITests */ = {
			isa = PBXNativeTarget;
			buildConfigurationList = 6159577820BEDB9B00B8FDB8 /* Build configuration list for PBXNativeTarget "TestSwipeBackOnRootViewControllerUITests" */;
			buildPhases = (
				6159576520BEDB9B00B8FDB8 /* Sources */,
				6159576620BEDB9B00B8FDB8 /* Frameworks */,
				6159576720BEDB9B00B8FDB8 /* Resources */,
			);
			buildRules = (
			);
			dependencies = (
				6159576B20BEDB9B00B8FDB8 /* PBXTargetDependency */,
			);
			name = TestSwipeBackOnRootViewControllerUITests;
			productName = TestSwipeBackOnRootViewControllerUITests;
			productReference = 6159576920BEDB9B00B8FDB8 /* TestSwipeBackOnRootViewControllerUITests.xctest */;
			productType = "com.apple.product-type.bundle.ui-testing";
		};
/* End PBXNativeTarget section */

/* Begin PBXProject section */
		6159574220BEDB9900B8FDB8 /* Project object */ = {
			isa = PBXProject;
			attributes = {
				LastSwiftUpdateCheck = 0930;
				LastUpgradeCheck = 0930;
				ORGANIZATIONNAME = "Ali Saeedifar";
				TargetAttributes = {
					6159574920BEDB9900B8FDB8 = {
						CreatedOnToolsVersion = 9.3.1;
					};
					6159575D20BEDB9B00B8FDB8 = {
						CreatedOnToolsVersion = 9.3.1;
						TestTargetID = 6159574920BEDB9900B8FDB8;
					};
					6159576820BEDB9B00B8FDB8 = {
						CreatedOnToolsVersion = 9.3.1;
						TestTargetID = 6159574920BEDB9900B8FDB8;
					};
				};
			};
			buildConfigurationList = 6159574520BEDB9900B8FDB8 /* Build configuration list for PBXProject "TestSwipeBackOnRootViewController" */;
			compatibilityVersion = "Xcode 9.3";
			developmentRegion = en;
			hasScannedForEncodings = 0;
			knownRegions = (
				en,
				Base,
			);
			mainGroup = 6159574120BEDB9900B8FDB8;
			productRefGroup = 6159574B20BEDB9900B8FDB8 /* Products */;
			projectDirPath = "";
			projectRoot = "";
			targets = (
				6159574920BEDB9900B8FDB8 /* TestSwipeBackOnRootViewController */,
				6159575D20BEDB9B00B8FDB8 /* TestSwipeBackOnRootViewControllerTests */,
				6159576820BEDB9B00B8FDB8 /* TestSwipeBackOnRootViewControllerUITests */,
			);
		};
/* End PBXProject section */

/* Begin PBXResourcesBuildPhase section */
		6159574820BEDB9900B8FDB8 /* Resources */ = {
			isa = PBXResourcesBuildPhase;
			buildActionMask = 2147483647;
			files = (
				6159575820BEDB9A00B8FDB8 /* LaunchScreen.storyboard in Resources */,
				6159577F20BEDDDD00B8FDB8 /* SimpleTableViewCell.xib in Resources */,
				6159575520BEDB9A00B8FDB8 /* Assets.xcassets in Resources */,
				6159575320BEDB9900B8FDB8 /* Main.storyboard in Resources */,
			);
			runOnlyForDeploymentPostprocessing = 0;
		};
		6159575C20BEDB9B00B8FDB8 /* Resources */ = {
			isa = PBXResourcesBuildPhase;
			buildActionMask = 2147483647;
			files = (
			);
			runOnlyForDeploymentPostprocessing = 0;
		};
		6159576720BEDB9B00B8FDB8 /* Resources */ = {
			isa = PBXResourcesBuildPhase;
			buildActionMask = 2147483647;
			files = (
			);
			runOnlyForDeploymentPostprocessing = 0;
		};
/* End PBXResourcesBuildPhase section */

/* Begin PBXSourcesBuildPhase section */
		6159574620BEDB9900B8FDB8 /* Sources */ = {
			isa = PBXSourcesBuildPhase;
			buildActionMask = 2147483647;
			files = (
				6159577E20BEDDDD00B8FDB8 /* SimpleTableViewCell.swift in Sources */,
				6159575020BEDB9900B8FDB8 /* ViewController.swift in Sources */,
				6159574E20BEDB9900B8FDB8 /* AppDelegate.swift in Sources */,
				6159578120BEDF7A00B8FDB8 /* BaseNavigationViewController.swift in Sources */,
			);
			runOnlyForDeploymentPostprocessing = 0;
		};
		6159575A20BEDB9B00B8FDB8 /* Sources */ = {
			isa = PBXSourcesBuildPhase;
			buildActionMask = 2147483647;
			files = (
				6159576320BEDB9B00B8FDB8 /* TestSwipeBackOnRootViewControllerTests.swift in Sources */,
			);
			runOnlyForDeploymentPostprocessing = 0;
		};
		6159576520BEDB9B00B8FDB8 /* Sources */ = {
			isa = PBXSourcesBuildPhase;
			buildActionMask = 2147483647;
			files = (
				6159576E20BEDB9B00B8FDB8 /* TestSwipeBackOnRootViewControllerUITests.swift in Sources */,
			);
			runOnlyForDeploymentPostprocessing = 0;
		};
/* End PBXSourcesBuildPhase section */

/* Begin PBXTargetDependency section */
		6159576020BEDB9B00B8FDB8 /* PBXTargetDependency */ = {
			isa = PBXTargetDependency;
			target = 6159574920BEDB9900B8FDB8 /* TestSwipeBackOnRootViewController */;
			targetProxy = 6159575F20BEDB9B00B8FDB8 /* PBXContainerItemProxy */;
		};
		6159576B20BEDB9B00B8FDB8 /* PBXTargetDependency */ = {
			isa = PBXTargetDependency;
			target = 6159574920BEDB9900B8FDB8 /* TestSwipeBackOnRootViewController */;
			targetProxy = 6159576A20BEDB9B00B8FDB8 /* PBXContainerItemProxy */;
		};
/* End PBXTargetDependency section */

/* Begin PBXVariantGroup section */
		6159575120BEDB9900B8FDB8 /* Main.storyboard */ = {
			isa = PBXVariantGroup;
			children = (
				6159575220BEDB9900B8FDB8 /* Base */,
			);
			name = Main.storyboard;
			sourceTree = "<group>";
		};
		6159575620BEDB9A00B8FDB8 /* LaunchScreen.storyboard */ = {
			isa = PBXVariantGroup;
			children = (
				6159575720BEDB9A00B8FDB8 /* Base */,
			);
			name = LaunchScreen.storyboard;
			sourceTree = "<group>";
		};
/* End PBXVariantGroup section */

/* Begin XCBuildConfiguration section */
		6159577020BEDB9B00B8FDB8 /* Debug */ = {
			isa = XCBuildConfiguration;
			buildSettings = {
				ALWAYS_SEARCH_USER_PATHS = NO;
				CLANG_ANALYZER_NONNULL = YES;
				CLANG_ANALYZER_NUMBER_OBJECT_CONVERSION = YES_AGGRESSIVE;
				CLANG_CXX_LANGUAGE_STANDARD = "gnu++14";
				CLANG_CXX_LIBRARY = "libc++";
				CLANG_ENABLE_MODULES = YES;
				CLANG_ENABLE_OBJC_ARC = YES;
				CLANG_ENABLE_OBJC_WEAK = YES;
				CLANG_WARN_BLOCK_CAPTURE_AUTORELEASING = YES;
				CLANG_WARN_BOOL_CONVERSION = YES;
				CLANG_WARN_COMMA = YES;
				CLANG_WARN_CONSTANT_CONVERSION = YES;
				CLANG_WARN_DEPRECATED_OBJC_IMPLEMENTATIONS = YES;
				CLANG_WARN_DIRECT_OBJC_ISA_USAGE = YES_ERROR;
				CLANG_WARN_DOCUMENTATION_COMMENTS = YES;
				CLANG_WARN_EMPTY_BODY = YES;
				CLANG_WARN_ENUM_CONVERSION = YES;
				CLANG_WARN_INFINITE_RECURSION = YES;
				CLANG_WARN_INT_CONVERSION = YES;
				CLANG_WARN_NON_LITERAL_NULL_CONVERSION = YES;
				CLANG_WARN_OBJC_IMPLICIT_RETAIN_SELF = YES;
				CLANG_WARN_OBJC_LITERAL_CONVERSION = YES;
				CLANG_WARN_OBJC_ROOT_CLASS = YES_ERROR;
				CLANG_WARN_RANGE_LOOP_ANALYSIS = YES;
				CLANG_WARN_STRICT_PROTOTYPES = YES;
				CLANG_WARN_SUSPICIOUS_MOVE = YES;
				CLANG_WARN_UNGUARDED_AVAILABILITY = YES_AGGRESSIVE;
				CLANG_WARN_UNREACHABLE_CODE = YES;
				CLANG_WARN__DUPLICATE_METHOD_MATCH = YES;
				CODE_SIGN_IDENTITY = "iPhone Developer";
				COPY_PHASE_STRIP = NO;
				DEBUG_INFORMATION_FORMAT = dwarf;
				ENABLE_STRICT_OBJC_MSGSEND = YES;
				ENABLE_TESTABILITY = YES;
				GCC_C_LANGUAGE_STANDARD = gnu11;
				GCC_DYNAMIC_NO_PIC = NO;
				GCC_NO_COMMON_BLOCKS = YES;
				GCC_OPTIMIZATION_LEVEL = 0;
				GCC_PREPROCESSOR_DEFINITIONS = (
					"DEBUG=1",
					"$(inherited)",
				);
				GCC_WARN_64_TO_32_BIT_CONVERSION = YES;
				GCC_WARN_ABOUT_RETURN_TYPE = YES_ERROR;
				GCC_WARN_UNDECLARED_SELECTOR = YES;
				GCC_WARN_UNINITIALIZED_AUTOS = YES_AGGRESSIVE;
				GCC_WARN_UNUSED_FUNCTION = YES;
				GCC_WARN_UNUSED_VARIABLE = YES;
				IPHONEOS_DEPLOYMENT_TARGET = 11.3;
				MTL_ENABLE_DEBUG_INFO = YES;
				ONLY_ACTIVE_ARCH = YES;
				SDKROOT = iphoneos;
				SWIFT_ACTIVE_COMPILATION_CONDITIONS = DEBUG;
				SWIFT_OPTIMIZATION_LEVEL = "-Onone";
			};
			name = Debug;
		};
		6159577120BEDB9B00B8FDB8 /* Release */ = {
			isa = XCBuildConfiguration;
			buildSettings = {
				ALWAYS_SEARCH_USER_PATHS = NO;
				CLANG_ANALYZER_NONNULL = YES;
				CLANG_ANALYZER_NUMBER_OBJECT_CONVERSION = YES_AGGRESSIVE;
				CLANG_CXX_LANGUAGE_STANDARD = "gnu++14";
				CLANG_CXX_LIBRARY = "libc++";
				CLANG_ENABLE_MODULES = YES;
				CLANG_ENABLE_OBJC_ARC = YES;
				CLANG_ENABLE_OBJC_WEAK = YES;
				CLANG_WARN_BLOCK_CAPTURE_AUTORELEASING = YES;
				CLANG_WARN_BOOL_CONVERSION = YES;
				CLANG_WARN_COMMA = YES;
				CLANG_WARN_CONSTANT_CONVERSION = YES;
				CLANG_WARN_DEPRECATED_OBJC_IMPLEMENTATIONS = YES;
				CLANG_WARN_DIRECT_OBJC_ISA_USAGE = YES_ERROR;
				CLANG_WARN_DOCUMENTATION_COMMENTS = YES;
				CLANG_WARN_EMPTY_BODY = YES;
				CLANG_WARN_ENUM_CONVERSION = YES;
				CLANG_WARN_INFINITE_RECURSION = YES;
				CLANG_WARN_INT_CONVERSION = YES;
				CLANG_WARN_NON_LITERAL_NULL_CONVERSION = YES;
				CLANG_WARN_OBJC_IMPLICIT_RETAIN_SELF = YES;
				CLANG_WARN_OBJC_LITERAL_CONVERSION = YES;
				CLANG_WARN_OBJC_ROOT_CLASS = YES_ERROR;
				CLANG_WARN_RANGE_LOOP_ANALYSIS = YES;
				CLANG_WARN_STRICT_PROTOTYPES = YES;
				CLANG_WARN_SUSPICIOUS_MOVE = YES;
				CLANG_WARN_UNGUARDED_AVAILABILITY = YES_AGGRESSIVE;
				CLANG_WARN_UNREACHABLE_CODE = YES;
				CLANG_WARN__DUPLICATE_METHOD_MATCH = YES;
				CODE_SIGN_IDENTITY = "iPhone Developer";
				COPY_PHASE_STRIP = NO;
				DEBUG_INFORMATION_FORMAT = "dwarf-with-dsym";
				ENABLE_NS_ASSERTIONS = NO;
				ENABLE_STRICT_OBJC_MSGSEND = YES;
				GCC_C_LANGUAGE_STANDARD = gnu11;
				GCC_NO_COMMON_BLOCKS = YES;
				GCC_WARN_64_TO_32_BIT_CONVERSION = YES;
				GCC_WARN_ABOUT_RETURN_TYPE = YES_ERROR;
				GCC_WARN_UNDECLARED_SELECTOR = YES;
				GCC_WARN_UNINITIALIZED_AUTOS = YES_AGGRESSIVE;
				GCC_WARN_UNUSED_FUNCTION = YES;
				GCC_WARN_UNUSED_VARIABLE = YES;
				IPHONEOS_DEPLOYMENT_TARGET = 11.3;
				MTL_ENABLE_DEBUG_INFO = NO;
				SDKROOT = iphoneos;
				SWIFT_COMPILATION_MODE = wholemodule;
				SWIFT_OPTIMIZATION_LEVEL = "-O";
				VALIDATE_PRODUCT = YES;
			};
			name = Release;
		};
		6159577320BEDB9B00B8FDB8 /* Debug */ = {
			isa = XCBuildConfiguration;
			buildSettings = {
				ASSETCATALOG_COMPILER_APPICON_NAME = AppIcon;
				CODE_SIGN_STYLE = Automatic;
				DEVELOPMENT_TEAM = "";
				INFOPLIST_FILE = TestSwipeBackOnRootViewController/Info.plist;
				LD_RUNPATH_SEARCH_PATHS = (
					"$(inherited)",
					"@executable_path/Frameworks",
				);
				PRODUCT_BUNDLE_IDENTIFIER = Test.TestSwipeBackOnRootViewController;
				PRODUCT_NAME = "$(TARGET_NAME)";
				SWIFT_VERSION = 4.0;
				TARGETED_DEVICE_FAMILY = "1,2";
			};
			name = Debug;
		};
		6159577420BEDB9B00B8FDB8 /* Release */ = {
			isa = XCBuildConfiguration;
			buildSettings = {
				ASSETCATALOG_COMPILER_APPICON_NAME = AppIcon;
				CODE_SIGN_STYLE = Automatic;
				DEVELOPMENT_TEAM = "";
				INFOPLIST_FILE = TestSwipeBackOnRootViewController/Info.plist;
				LD_RUNPATH_SEARCH_PATHS = (
					"$(inherited)",
					"@executable_path/Frameworks",
				);
				PRODUCT_BUNDLE_IDENTIFIER = Test.TestSwipeBackOnRootViewController;
				PRODUCT_NAME = "$(TARGET_NAME)";
				SWIFT_VERSION = 4.0;
				TARGETED_DEVICE_FAMILY = "1,2";
			};
			name = Release;
		};
		6159577620BEDB9B00B8FDB8 /* Debug */ = {
			isa = XCBuildConfiguration;
			buildSettings = {
				ALWAYS_EMBED_SWIFT_STANDARD_LIBRARIES = YES;
				BUNDLE_LOADER = "$(TEST_HOST)";
				CODE_SIGN_STYLE = Automatic;
				INFOPLIST_FILE = TestSwipeBackOnRootViewControllerTests/Info.plist;
				LD_RUNPATH_SEARCH_PATHS = (
					"$(inherited)",
					"@executable_path/Frameworks",
					"@loader_path/Frameworks",
				);
				PRODUCT_BUNDLE_IDENTIFIER = Test.TestSwipeBackOnRootViewControllerTests;
				PRODUCT_NAME = "$(TARGET_NAME)";
				SWIFT_VERSION = 4.0;
				TARGETED_DEVICE_FAMILY = "1,2";
				TEST_HOST = "$(BUILT_PRODUCTS_DIR)/TestSwipeBackOnRootViewController.app/TestSwipeBackOnRootViewController";
			};
			name = Debug;
		};
		6159577720BEDB9B00B8FDB8 /* Release */ = {
			isa = XCBuildConfiguration;
			buildSettings = {
				ALWAYS_EMBED_SWIFT_STANDARD_LIBRARIES = YES;
				BUNDLE_LOADER = "$(TEST_HOST)";
				CODE_SIGN_STYLE = Automatic;
				INFOPLIST_FILE = TestSwipeBackOnRootViewControllerTests/Info.plist;
				LD_RUNPATH_SEARCH_PATHS = (
					"$(inherited)",
					"@executable_path/Frameworks",
					"@loader_path/Frameworks",
				);
				PRODUCT_BUNDLE_IDENTIFIER = Test.TestSwipeBackOnRootViewControllerTests;
				PRODUCT_NAME = "$(TARGET_NAME)";
				SWIFT_VERSION = 4.0;
				TARGETED_DEVICE_FAMILY = "1,2";
				TEST_HOST = "$(BUILT_PRODUCTS_DIR)/TestSwipeBackOnRootViewController.app/TestSwipeBackOnRootViewController";
			};
			name = Release;
		};
		6159577920BEDB9B00B8FDB8 /* Debug */ = {
			isa = XCBuildConfiguration;
			buildSettings = {
				ALWAYS_EMBED_SWIFT_STANDARD_LIBRARIES = YES;
				CODE_SIGN_STYLE = Automatic;
				INFOPLIST_FILE = TestSwipeBackOnRootViewControllerUITests/Info.plist;
				LD_RUNPATH_SEARCH_PATHS = (
					"$(inherited)",
					"@executable_path/Frameworks",
					"@loader_path/Frameworks",
				);
				PRODUCT_BUNDLE_IDENTIFIER = Test.TestSwipeBackOnRootViewControllerUITests;
				PRODUCT_NAME = "$(TARGET_NAME)";
				SWIFT_VERSION = 4.0;
				TARGETED_DEVICE_FAMILY = "1,2";
				TEST_TARGET_NAME = TestSwipeBackOnRootViewController;
			};
			name = Debug;
		};
		6159577A20BEDB9B00B8FDB8 /* Release */ = {
			isa = XCBuildConfiguration;
			buildSettings = {
				ALWAYS_EMBED_SWIFT_STANDARD_LIBRARIES = YES;
				CODE_SIGN_STYLE = Automatic;
				INFOPLIST_FILE = TestSwipeBackOnRootViewControllerUITests/Info.plist;
				LD_RUNPATH_SEARCH_PATHS = (
					"$(inherited)",
					"@executable_path/Frameworks",
					"@loader_path/Frameworks",
				);
				PRODUCT_BUNDLE_IDENTIFIER = Test.TestSwipeBackOnRootViewControllerUITests;
				PRODUCT_NAME = "$(TARGET_NAME)";
				SWIFT_VERSION = 4.0;
				TARGETED_DEVICE_FAMILY = "1,2";
				TEST_TARGET_NAME = TestSwipeBackOnRootViewController;
			};
			name = Release;
		};
/* End XCBuildConfiguration section */

/* Begin XCConfigurationList section */
		6159574520BEDB9900B8FDB8 /* Build configuration list for PBXProject "TestSwipeBackOnRootViewController" */ = {
			isa = XCConfigurationList;
			buildConfigurations = (
				6159577020BEDB9B00B8FDB8 /* Debug */,
				6159577120BEDB9B00B8FDB8 /* Release */,
			);
			defaultConfigurationIsVisible = 0;
			defaultConfigurationName = Release;
		};
		6159577220BEDB9B00B8FDB8 /* Build configuration list for PBXNativeTarget "TestSwipeBackOnRootViewController" */ = {
			isa = XCConfigurationList;
			buildConfigurations = (
				6159577320BEDB9B00B8FDB8 /* Debug */,
				6159577420BEDB9B00B8FDB8 /* Release */,
			);
			defaultConfigurationIsVisible = 0;
			defaultConfigurationName = Release;
		};
		6159577520BEDB9B00B8FDB8 /* Build configuration list for PBXNativeTarget "TestSwipeBackOnRootViewControllerTests" */ = {
			isa = XCConfigurationList;
			buildConfigurations = (
				6159577620BEDB9B00B8FDB8 /* Debug */,
				6159577720BEDB9B00B8FDB8 /* Release */,
			);
			defaultConfigurationIsVisible = 0;
			defaultConfigurationName = Release;
		};
		6159577820BEDB9B00B8FDB8 /* Build configuration list for PBXNativeTarget "TestSwipeBackOnRootViewControllerUITests" */ = {
			isa = XCConfigurationList;
			buildConfigurations = (
				6159577920BEDB9B00B8FDB8 /* Debug */,
				6159577A20BEDB9B00B8FDB8 /* Release */,
			);
			defaultConfigurationIsVisible = 0;
			defaultConfigurationName = Release;
		};
/* End XCConfigurationList section */
	};
	rootObject = 6159574220BEDB9900B8FDB8 /* Project object */;
}
